// !$*UTF8*$!
{
	archiveVersion = 1;
	classes = {
	};
	objectVersion = 48;
	objects = {

/* Begin PBXBuildFile section */
		CEA22A3A204CF38500D0A9C0 /* AppDelegate.swift in Sources */ = {isa = PBXBuildFile; fileRef = CEA22A39204CF38500D0A9C0 /* AppDelegate.swift */; };
		CEA22A3F204CF38500D0A9C0 /* Main.storyboard in Resources */ = {isa = PBXBuildFile; fileRef = CEA22A3D204CF38500D0A9C0 /* Main.storyboard */; };
		CEA22A41204CF38500D0A9C0 /* Assets.xcassets in Resources */ = {isa = PBXBuildFile; fileRef = CEA22A40204CF38500D0A9C0 /* Assets.xcassets */; };
		CEA22A44204CF38500D0A9C0 /* LaunchScreen.storyboard in Resources */ = {isa = PBXBuildFile; fileRef = CEA22A42204CF38500D0A9C0 /* LaunchScreen.storyboard */; };
		CEA22A52204CF3AC00D0A9C0 /* blockerList.json in Resources */ = {isa = PBXBuildFile; fileRef = CEA22A51204CF3AC00D0A9C0 /* blockerList.json */; };
		CEA22A54204CF3AC00D0A9C0 /* ContentBlockerRequestHandler.swift in Sources */ = {isa = PBXBuildFile; fileRef = CEA22A53204CF3AC00D0A9C0 /* ContentBlockerRequestHandler.swift */; };
		CEA22A58204CF3AC00D0A9C0 /* adb.appex in Embed App Extensions */ = {isa = PBXBuildFile; fileRef = CEA22A4F204CF3AC00D0A9C0 /* adb.appex */; settings = {ATTRIBUTES = (RemoveHeadersOnCopy, ); }; };
		CED16567204E331500211B75 /* ViewController.swift in Sources */ = {isa = PBXBuildFile; fileRef = CED16566204E331500211B75 /* ViewController.swift */; };
/* End PBXBuildFile section */

/* Begin PBXContainerItemProxy section */
		CEA22A56204CF3AC00D0A9C0 /* PBXContainerItemProxy */ = {
			isa = PBXContainerItemProxy;
			containerPortal = CEA22A2E204CF38400D0A9C0 /* Project object */;
			proxyType = 1;
			remoteGlobalIDString = CEA22A4E204CF3AC00D0A9C0;
			remoteInfo = adb;
		};
/* End PBXContainerItemProxy section */

/* Begin PBXCopyFilesBuildPhase section */
		CEA22A5C204CF3AC00D0A9C0 /* Embed App Extensions */ = {
			isa = PBXCopyFilesBuildPhase;
			buildActionMask = 2147483647;
			dstPath = "";
			dstSubfolderSpec = 13;
			files = (
				CEA22A58204CF3AC00D0A9C0 /* adb.appex in Embed App Extensions */,
			);
			name = "Embed App Extensions";
			runOnlyForDeploymentPostprocessing = 0;
		};
/* End PBXCopyFilesBuildPhase section */

/* Begin PBXFileReference section */
		CEA22A36204CF38400D0A9C0 /* NOAD.app */ = {isa = PBXFileReference; explicitFileType = wrapper.application; includeInIndex = 0; path = NOAD.app; sourceTree = BUILT_PRODUCTS_DIR; };
		CEA22A39204CF38500D0A9C0 /* AppDelegate.swift */ = {isa = PBXFileReference; lastKnownFileType = sourcecode.swift; path = AppDelegate.swift; sourceTree = "<group>"; };
		CEA22A3E204CF38500D0A9C0 /* Base */ = {isa = PBXFileReference; lastKnownFileType = file.storyboard; name = Base; path = Base.lproj/Main.storyboard; sourceTree = "<group>"; };
		CEA22A40204CF38500D0A9C0 /* Assets.xcassets */ = {isa = PBXFileReference; lastKnownFileType = folder.assetcatalog; path = Assets.xcassets; sourceTree = "<group>"; };
		CEA22A43204CF38500D0A9C0 /* Base */ = {isa = PBXFileReference; lastKnownFileType = file.storyboard; name = Base; path = Base.lproj/LaunchScreen.storyboard; sourceTree = "<group>"; };
		CEA22A45204CF38500D0A9C0 /* Info.plist */ = {isa = PBXFileReference; lastKnownFileType = text.plist.xml; path = Info.plist; sourceTree = "<group>"; };
		CEA22A4F204CF3AC00D0A9C0 /* adb.appex */ = {isa = PBXFileReference; explicitFileType = "wrapper.app-extension"; includeInIndex = 0; path = adb.appex; sourceTree = BUILT_PRODUCTS_DIR; };
		CEA22A51204CF3AC00D0A9C0 /* blockerList.json */ = {isa = PBXFileReference; lastKnownFileType = text.json; path = blockerList.json; sourceTree = "<group>"; };
		CEA22A53204CF3AC00D0A9C0 /* ContentBlockerRequestHandler.swift */ = {isa = PBXFileReference; lastKnownFileType = sourcecode.swift; path = ContentBlockerRequestHandler.swift; sourceTree = "<group>"; };
		CEA22A55204CF3AC00D0A9C0 /* Info.plist */ = {isa = PBXFileReference; lastKnownFileType = text.plist.xml; path = Info.plist; sourceTree = "<group>"; };
		CED16566204E331500211B75 /* ViewController.swift */ = {isa = PBXFileReference; lastKnownFileType = sourcecode.swift; path = ViewController.swift; sourceTree = "<group>"; };
/* End PBXFileReference section */

/* Begin PBXFrameworksBuildPhase section */
		CEA22A33204CF38400D0A9C0 /* Frameworks */ = {
			isa = PBXFrameworksBuildPhase;
			buildActionMask = 2147483647;
			files = (
			);
			runOnlyForDeploymentPostprocessing = 0;
		};
		CEA22A4C204CF3AC00D0A9C0 /* Frameworks */ = {
			isa = PBXFrameworksBuildPhase;
			buildActionMask = 2147483647;
			files = (
			);
			runOnlyForDeploymentPostprocessing = 0;
		};
/* End PBXFrameworksBuildPhase section */

/* Begin PBXGroup section */
		CEA22A2D204CF38400D0A9C0 = {
			isa = PBXGroup;
			children = (
				CEA22A38204CF38400D0A9C0 /* NOAD */,
				CEA22A50204CF3AC00D0A9C0 /* adb */,
				CEA22A37204CF38400D0A9C0 /* Products */,
			);
			sourceTree = "<group>";
		};
		CEA22A37204CF38400D0A9C0 /* Products */ = {
			isa = PBXGroup;
			children = (
				CEA22A36204CF38400D0A9C0 /* NOAD.app */,
				CEA22A4F204CF3AC00D0A9C0 /* adb.appex */,
			);
			name = Products;
			sourceTree = "<group>";
		};
		CEA22A38204CF38400D0A9C0 /* NOAD */ = {
			isa = PBXGroup;
			children = (
				CED16566204E331500211B75 /* ViewController.swift */,
				CEA22A39204CF38500D0A9C0 /* AppDelegate.swift */,
				CEA22A3D204CF38500D0A9C0 /* Main.storyboard */,
				CEA22A40204CF38500D0A9C0 /* Assets.xcassets */,
				CEA22A42204CF38500D0A9C0 /* LaunchScreen.storyboard */,
				CEA22A45204CF38500D0A9C0 /* Info.plist */,
			);
			path = NOAD;
			sourceTree = "<group>";
		};
		CEA22A50204CF3AC00D0A9C0 /* adb */ = {
			isa = PBXGroup;
			children = (
				CEA22A51204CF3AC00D0A9C0 /* blockerList.json */,
				CEA22A53204CF3AC00D0A9C0 /* ContentBlockerRequestHandler.swift */,
				CEA22A55204CF3AC00D0A9C0 /* Info.plist */,
			);
			path = adb;
			sourceTree = "<group>";
		};
/* End PBXGroup section */

/* Begin PBXNativeTarget section */
		CEA22A35204CF38400D0A9C0 /* NOAD */ = {
			isa = PBXNativeTarget;
			buildConfigurationList = CEA22A48204CF38500D0A9C0 /* Build configuration list for PBXNativeTarget "NOAD" */;
			buildPhases = (
				CEA22A32204CF38400D0A9C0 /* Sources */,
				CEA22A33204CF38400D0A9C0 /* Frameworks */,
				CEA22A34204CF38400D0A9C0 /* Resources */,
				CEA22A5C204CF3AC00D0A9C0 /* Embed App Extensions */,
			);
			buildRules = (
			);
			dependencies = (
				CEA22A57204CF3AC00D0A9C0 /* PBXTargetDependency */,
			);
			name = NOAD;
			productName = NOAD;
			productReference = CEA22A36204CF38400D0A9C0 /* NOAD.app */;
			productType = "com.apple.product-type.application";
		};
		CEA22A4E204CF3AC00D0A9C0 /* adb */ = {
			isa = PBXNativeTarget;
			buildConfigurationList = CEA22A59204CF3AC00D0A9C0 /* Build configuration list for PBXNativeTarget "adb" */;
			buildPhases = (
				CEA22A4B204CF3AC00D0A9C0 /* Sources */,
				CEA22A4C204CF3AC00D0A9C0 /* Frameworks */,
				CEA22A4D204CF3AC00D0A9C0 /* Resources */,
			);
			buildRules = (
			);
			dependencies = (
			);
			name = adb;
			productName = adb;
			productReference = CEA22A4F204CF3AC00D0A9C0 /* adb.appex */;
			productType = "com.apple.product-type.app-extension";
		};
/* End PBXNativeTarget section */

/* Begin PBXProject section */
		CEA22A2E204CF38400D0A9C0 /* Project object */ = {
			isa = PBXProject;
			attributes = {
				LastSwiftUpdateCheck = 0920;
				LastUpgradeCheck = 0920;
				ORGANIZATIONNAME = "李刚";
				TargetAttributes = {
					CEA22A35204CF38400D0A9C0 = {
						CreatedOnToolsVersion = 9.2;
						ProvisioningStyle = Automatic;
						SystemCapabilities = {
							com.apple.ApplicationGroups.iOS = {
								enabled = 0;
							};
						};
					};
					CEA22A4E204CF3AC00D0A9C0 = {
						CreatedOnToolsVersion = 9.2;
						ProvisioningStyle = Automatic;
					};
				};
			};
			buildConfigurationList = CEA22A31204CF38400D0A9C0 /* Build configuration list for PBXProject "NOAD" */;
			compatibilityVersion = "Xcode 8.0";
			developmentRegion = en;
			hasScannedForEncodings = 0;
			knownRegions = (
				en,
				Base,
			);
			mainGroup = CEA22A2D204CF38400D0A9C0;
			productRefGroup = CEA22A37204CF38400D0A9C0 /* Products */;
			projectDirPath = "";
			projectRoot = "";
			targets = (
				CEA22A35204CF38400D0A9C0 /* NOAD */,
				CEA22A4E204CF3AC00D0A9C0 /* adb */,
			);
		};
/* End PBXProject section */

/* Begin PBXResourcesBuildPhase section */
		CEA22A34204CF38400D0A9C0 /* Resources */ = {
			isa = PBXResourcesBuildPhase;
			buildActionMask = 2147483647;
			files = (
				CEA22A44204CF38500D0A9C0 /* LaunchScreen.storyboard in Resources */,
				CEA22A41204CF38500D0A9C0 /* Assets.xcassets in Resources */,
				CEA22A3F204CF38500D0A9C0 /* Main.storyboard in Resources */,
			);
			runOnlyForDeploymentPostprocessing = 0;
		};
		CEA22A4D204CF3AC00D0A9C0 /* Resources */ = {
			isa = PBXResourcesBuildPhase;
			buildActionMask = 2147483647;
			files = (
				CEA22A52204CF3AC00D0A9C0 /* blockerList.json in Resources */,
			);
			runOnlyForDeploymentPostprocessing = 0;
		};
/* End PBXResourcesBuildPhase section */

/* Begin PBXSourcesBuildPhase section */
		CEA22A32204CF38400D0A9C0 /* Sources */ = {
			isa = PBXSourcesBuildPhase;
			buildActionMask = 2147483647;
			files = (
				CED16567204E331500211B75 /* ViewController.swift in Sources */,
				CEA22A3A204CF38500D0A9C0 /* AppDelegate.swift in Sources */,
			);
			runOnlyForDeploymentPostprocessing = 0;
		};
		CEA22A4B204CF3AC00D0A9C0 /* Sources */ = {
			isa = PBXSourcesBuildPhase;
			buildActionMask = 2147483647;
			files = (
				CEA22A54204CF3AC00D0A9C0 /* ContentBlockerRequestHandler.swift in Sources */,
			);
			runOnlyForDeploymentPostprocessing = 0;
		};
/* End PBXSourcesBuildPhase section */

/* Begin PBXTargetDependency section */
		CEA22A57204CF3AC00D0A9C0 /* PBXTargetDependency */ = {
			isa = PBXTargetDependency;
			target = CEA22A4E204CF3AC00D0A9C0 /* adb */;
			targetProxy = CEA22A56204CF3AC00D0A9C0 /* PBXContainerItemProxy */;
		};
/* End PBXTargetDependency section */

/* Begin PBXVariantGroup section */
		CEA22A3D204CF38500D0A9C0 /* Main.storyboard */ = {
			isa = PBXVariantGroup;
			children = (
				CEA22A3E204CF38500D0A9C0 /* Base */,
			);
			name = Main.storyboard;
			sourceTree = "<group>";
		};
		CEA22A42204CF38500D0A9C0 /* LaunchScreen.storyboard */ = {
			isa = PBXVariantGroup;
			children = (
				CEA22A43204CF38500D0A9C0 /* Base */,
			);
			name = LaunchScreen.storyboard;
			sourceTree = "<group>";
		};
/* End PBXVariantGroup section */

/* Begin XCBuildConfiguration section */
		CEA22A46204CF38500D0A9C0 /* Debug */ = {
			isa = XCBuildConfiguration;
			buildSettings = {
				ALWAYS_SEARCH_USER_PATHS = NO;
				CLANG_ANALYZER_NONNULL = YES;
				CLANG_ANALYZER_NUMBER_OBJECT_CONVERSION = YES_AGGRESSIVE;
				CLANG_CXX_LANGUAGE_STANDARD = "gnu++14";
				CLANG_CXX_LIBRARY = "libc++";
				CLANG_ENABLE_MODULES = YES;
				CLANG_ENABLE_OBJC_ARC = YES;
				CLANG_WARN_BLOCK_CAPTURE_AUTORELEASING = YES;
				CLANG_WARN_BOOL_CONVERSION = YES;
				CLANG_WARN_COMMA = YES;
				CLANG_WARN_CONSTANT_CONVERSION = YES;
				CLANG_WARN_DIRECT_OBJC_ISA_USAGE = YES_ERROR;
				CLANG_WARN_DOCUMENTATION_COMMENTS = YES;
				CLANG_WARN_EMPTY_BODY = YES;
				CLANG_WARN_ENUM_CONVERSION = YES;
				CLANG_WARN_INFINITE_RECURSION = YES;
				CLANG_WARN_INT_CONVERSION = YES;
				CLANG_WARN_NON_LITERAL_NULL_CONVERSION = YES;
				CLANG_WARN_OBJC_LITERAL_CONVERSION = YES;
				CLANG_WARN_OBJC_ROOT_CLASS = YES_ERROR;
				CLANG_WARN_RANGE_LOOP_ANALYSIS = YES;
				CLANG_WARN_STRICT_PROTOTYPES = YES;
				CLANG_WARN_SUSPICIOUS_MOVE = YES;
				CLANG_WARN_UNGUARDED_AVAILABILITY = YES_AGGRESSIVE;
				CLANG_WARN_UNREACHABLE_CODE = YES;
				CLANG_WARN__DUPLICATE_METHOD_MATCH = YES;
				CODE_SIGN_IDENTITY = "iPhone Developer";
				COPY_PHASE_STRIP = NO;
				DEBUG_INFORMATION_FORMAT = dwarf;
				ENABLE_STRICT_OBJC_MSGSEND = YES;
				ENABLE_TESTABILITY = YES;
				GCC_C_LANGUAGE_STANDARD = gnu11;
				GCC_DYNAMIC_NO_PIC = NO;
				GCC_NO_COMMON_BLOCKS = YES;
				GCC_OPTIMIZATION_LEVEL = 0;
				GCC_PREPROCESSOR_DEFINITIONS = (
					"DEBUG=1",
					"$(inherited)",
				);
				GCC_WARN_64_TO_32_BIT_CONVERSION = YES;
				GCC_WARN_ABOUT_RETURN_TYPE = YES_ERROR;
				GCC_WARN_UNDECLARED_SELECTOR = YES;
				GCC_WARN_UNINITIALIZED_AUTOS = YES_AGGRESSIVE;
				GCC_WARN_UNUSED_FUNCTION = YES;
				GCC_WARN_UNUSED_VARIABLE = YES;
				IPHONEOS_DEPLOYMENT_TARGET = 11.2;
				MTL_ENABLE_DEBUG_INFO = YES;
				ONLY_ACTIVE_ARCH = YES;
				SDKROOT = iphoneos;
				SWIFT_ACTIVE_COMPILATION_CONDITIONS = DEBUG;
				SWIFT_OPTIMIZATION_LEVEL = "-Onone";
			};
			name = Debug;
		};
		CEA22A47204CF38500D0A9C0 /* Release */ = {
			isa = XCBuildConfiguration;
			buildSettings = {
				ALWAYS_SEARCH_USER_PATHS = NO;
				CLANG_ANALYZER_NONNULL = YES;
				CLANG_ANALYZER_NUMBER_OBJECT_CONVERSION = YES_AGGRESSIVE;
				CLANG_CXX_LANGUAGE_STANDARD = "gnu++14";
				CLANG_CXX_LIBRARY = "libc++";
				CLANG_ENABLE_MODULES = YES;
				CLANG_ENABLE_OBJC_ARC = YES;
				CLANG_WARN_BLOCK_CAPTURE_AUTORELEASING = YES;
				CLANG_WARN_BOOL_CONVERSION = YES;
				CLANG_WARN_COMMA = YES;
				CLANG_WARN_CONSTANT_CONVERSION = YES;
				CLANG_WARN_DIRECT_OBJC_ISA_USAGE = YES_ERROR;
				CLANG_WARN_DOCUMENTATION_COMMENTS = YES;
				CLANG_WARN_EMPTY_BODY = YES;
				CLANG_WARN_ENUM_CONVERSION = YES;
				CLANG_WARN_INFINITE_RECURSION = YES;
				CLANG_WARN_INT_CONVERSION = YES;
				CLANG_WARN_NON_LITERAL_NULL_CONVERSION = YES;
				CLANG_WARN_OBJC_LITERAL_CONVERSION = YES;
				CLANG_WARN_OBJC_ROOT_CLASS = YES_ERROR;
				CLANG_WARN_RANGE_LOOP_ANALYSIS = YES;
				CLANG_WARN_STRICT_PROTOTYPES = YES;
				CLANG_WARN_SUSPICIOUS_MOVE = YES;
				CLANG_WARN_UNGUARDED_AVAILABILITY = YES_AGGRESSIVE;
				CLANG_WARN_UNREACHABLE_CODE = YES;
				CLANG_WARN__DUPLICATE_METHOD_MATCH = YES;
				CODE_SIGN_IDENTITY = "iPhone Developer";
				COPY_PHASE_STRIP = NO;
				DEBUG_INFORMATION_FORMAT = "dwarf-with-dsym";
				ENABLE_NS_ASSERTIONS = NO;
				ENABLE_STRICT_OBJC_MSGSEND = YES;
				GCC_C_LANGUAGE_STANDARD = gnu11;
				GCC_NO_COMMON_BLOCKS = YES;
				GCC_WARN_64_TO_32_BIT_CONVERSION = YES;
				GCC_WARN_ABOUT_RETURN_TYPE = YES_ERROR;
				GCC_WARN_UNDECLARED_SELECTOR = YES;
				GCC_WARN_UNINITIALIZED_AUTOS = YES_AGGRESSIVE;
				GCC_WARN_UNUSED_FUNCTION = YES;
				GCC_WARN_UNUSED_VARIABLE = YES;
				IPHONEOS_DEPLOYMENT_TARGET = 11.2;
				MTL_ENABLE_DEBUG_INFO = NO;
				SDKROOT = iphoneos;
				SWIFT_OPTIMIZATION_LEVEL = "-Owholemodule";
				VALIDATE_PRODUCT = YES;
			};
			name = Release;
		};
		CEA22A49204CF38500D0A9C0 /* Debug */ = {
			isa = XCBuildConfiguration;
			buildSettings = {
				ALWAYS_EMBED_SWIFT_STANDARD_LIBRARIES = YES;
				ASSETCATALOG_COMPILER_APPICON_NAME = AppIcon;
				CODE_SIGN_STYLE = Automatic;
				DEVELOPMENT_TEAM = KGX46L2U6T;
				INFOPLIST_FILE = NOAD/Info.plist;
				LD_RUNPATH_SEARCH_PATHS = "$(inherited) @executable_path/Frameworks";
				PRODUCT_BUNDLE_IDENTIFIER = cn.sunsheen.NOAD;
				PRODUCT_NAME = "$(TARGET_NAME)";
				SWIFT_VERSION = 4.0;
				TARGETED_DEVICE_FAMILY = 1;
			};
			name = Debug;
		};
		CEA22A4A204CF38500D0A9C0 /* Release */ = {
			isa = XCBuildConfiguration;
			buildSettings = {
				ALWAYS_EMBED_SWIFT_STANDARD_LIBRARIES = YES;
				ASSETCATALOG_COMPILER_APPICON_NAME = AppIcon;
				CODE_SIGN_STYLE = Automatic;
				DEVELOPMENT_TEAM = KGX46L2U6T;
				INFOPLIST_FILE = NOAD/Info.plist;
				LD_RUNPATH_SEARCH_PATHS = "$(inherited) @executable_path/Frameworks";
				PRODUCT_BUNDLE_IDENTIFIER = cn.sunsheen.NOAD;
				PRODUCT_NAME = "$(TARGET_NAME)";
				SWIFT_VERSION = 4.0;
				TARGETED_DEVICE_FAMILY = 1;
			};
			name = Release;
		};
		CEA22A5A204CF3AC00D0A9C0 /* Debug */ = {
			isa = XCBuildConfiguration;
			buildSettings = {
				ARCHS = "$(ARCHS_STANDARD_64_BIT)";
				CODE_SIGN_STYLE = Automatic;
				DEVELOPMENT_TEAM = KGX46L2U6T;
				INFOPLIST_FILE = adb/Info.plist;
				IPHONEOS_DEPLOYMENT_TARGET = 11.0;
				LD_RUNPATH_SEARCH_PATHS = "$(inherited) @executable_path/Frameworks @executable_path/../../Frameworks";
				PRODUCT_BUNDLE_IDENTIFIER = cn.sunsheen.NOAD.adb;
				PRODUCT_NAME = "$(TARGET_NAME)";
				SKIP_INSTALL = YES;
				SWIFT_VERSION = 4.0;
				TARGETED_DEVICE_FAMILY = 1;
			};
			name = Debug;
		};
		CEA22A5B204CF3AC00D0A9C0 /* Release */ = {
			isa = XCBuildConfiguration;
			buildSettings = {
				ARCHS = "$(ARCHS_STANDARD_64_BIT)";
				CODE_SIGN_STYLE = Automatic;
				DEVELOPMENT_TEAM = KGX46L2U6T;
				INFOPLIST_FILE = adb/Info.plist;
				IPHONEOS_DEPLOYMENT_TARGET = 11.0;
				LD_RUNPATH_SEARCH_PATHS = "$(inherited) @executable_path/Frameworks @executable_path/../../Frameworks";
				PRODUCT_BUNDLE_IDENTIFIER = cn.sunsheen.NOAD.adb;
				PRODUCT_NAME = "$(TARGET_NAME)";
				SKIP_INSTALL = YES;
				SWIFT_VERSION = 4.0;
				TARGETED_DEVICE_FAMILY = 1;
			};
			name = Release;
		};
/* End XCBuildConfiguration section */

/* Begin XCConfigurationList section */
		CEA22A31204CF38400D0A9C0 /* Build configuration list for PBXProject "NOAD" */ = {
			isa = XCConfigurationList;
			buildConfigurations = (
				CEA22A46204CF38500D0A9C0 /* Debug */,
				CEA22A47204CF38500D0A9C0 /* Release */,
			);
			defaultConfigurationIsVisible = 0;
			defaultConfigurationName = Release;
		};
		CEA22A48204CF38500D0A9C0 /* Build configuration list for PBXNativeTarget "NOAD" */ = {
			isa = XCConfigurationList;
			buildConfigurations = (
				CEA22A49204CF38500D0A9C0 /* Debug */,
				CEA22A4A204CF38500D0A9C0 /* Release */,
			);
			defaultConfigurationIsVisible = 0;
			defaultConfigurationName = Release;
		};
		CEA22A59204CF3AC00D0A9C0 /* Build configuration list for PBXNativeTarget "adb" */ = {
			isa = XCConfigurationList;
			buildConfigurations = (
				CEA22A5A204CF3AC00D0A9C0 /* Debug */,
				CEA22A5B204CF3AC00D0A9C0 /* Release */,
			);
			defaultConfigurationIsVisible = 0;
			defaultConfigurationName = Release;
		};
/* End XCConfigurationList section */
	};
	rootObject = CEA22A2E204CF38400D0A9C0 /* Project object */;
}
